{
    "_readme": [
        "This file locks the dependencies of your project to a known state",
        "Read more about it at https://getcomposer.org/doc/01-basic-usage.md#composer-lock-the-lock-file",
        "This file is @generated automatically"
    ],
    "hash": "2a0d5bcdefe556cb2632dcc11ae0c3c7",
    "content-hash": "09d636a0cc4fcf7b022d43e1860c6f92",
    "packages": [
        {
            "name": "pressshack/wordpress-edd-license-integration",
            "version": "dev-master",
            "source": {
                "type": "git",
                "url": "https://github.com/OSTraining/WordPress-EDD-License-Integration",
                "reference": "fa86e668984dd3b5eb73c5f44f3f6e9c7a6facb7"
            },
            "type": "library",
            "autoload": {
                "psr-4": {
                    "PressShack\\EDD_License\\": "lib/"
                }
            },
            "license": [
                "GPL-2"
            ],
            "authors": [
                {
                    "name": "PressShack",
                    "email": "help@pressshack.com"
                }
            ],
            "time": "2017-05-01 13:04:41"
        }
    ],
    "packages-dev": [],
    "aliases": [],
    "minimum-stability": "dev",
    "stability-flags": {
        "pressshack/wordpress-edd-license-integration": 20
    },
    "prefer-stable": false,
    "prefer-lowest": false,
    "platform": [],
    "platform-dev": []
}
