{
    "_readme": [
        "This file locks the dependencies of your project to a known state",
        "Read more about it at https://getcomposer.org/doc/01-basic-usage.md#composer-lock-the-lock-file",
        "This file is @generated automatically"
    ],
    "content-hash": "2ee0e6084e0f8383c81663b11cd764be",
    "packages": [
        {
            "name": "pressshack/wordpress-edd-license-integration",
            "version": "1.0.1",
            "source": {
                "type": "git",
                "url": "https://github.com/OSTraining/WordPress-EDD-License-Integration",
                "reference": "403f7fa6bf87b1af5c5ffe753a80696dab955773"
            },
            "type": "library",
            "autoload": {
                "psr-4": {
                    "PressShack\\EDD_License\\": "lib/"
                }
            },
            "license": [
                "GPL-2"
            ],
            "authors": [
                {
                    "name": "PressShack",
                    "email": "help@pressshack.com"
                }
            ],
            "time": "2017-06-07T21:30:38+00:00"
        }
    ],
    "packages-dev": [],
    "aliases": [],
    "minimum-stability": "stable",
    "stability-flags": [],
    "prefer-stable": false,
    "prefer-lowest": false,
    "platform": [],
    "platform-dev": []
}
