{
    "_readme": [
        "This file locks the dependencies of your project to a known state",
        "Read more about it at https://getcomposer.org/doc/01-basic-usage.md#composer-lock-the-lock-file",
        "This file is @generated automatically"
    ],
    "content-hash": "e5c14a26a7715112da54f843da991864",
    "packages": [
        {
            "name": "pressshack/wordpress-edd-license-integration",
            "version": "1.1.0",
            "source": {
                "type": "git",
                "url": "https://github.com/OSTraining/WordPress-EDD-License-Integration",
                "reference": "fc84c86982bf194ba7498a5f13483ea792766b29"
            },
            "type": "library",
            "autoload": {
                "psr-4": {
                    "PressShack\\EDD_License\\": "lib/"
                }
            },
            "license": [
                "GPL-2"
            ],
            "authors": [
                {
                    "name": "PressShack",
                    "email": "help@pressshack.com"
                }
            ],
            "time": "2017-07-27T00:52:19+00:00"
        }
    ],
    "packages-dev": [],
    "aliases": [],
    "minimum-stability": "stable",
    "stability-flags": [],
    "prefer-stable": false,
    "prefer-lowest": false,
    "platform": [],
    "platform-dev": []
}
