{
    "_readme": [
        "This file locks the dependencies of your project to a known state",
        "Read more about it at https://getcomposer.org/doc/01-basic-usage.md#composer-lock-the-lock-file",
        "This file is @generated automatically"
    ],
    "content-hash": "eba1867c955de8d2e9a12ffffdeb119d",
    "packages": [
        {
            "name": "publishpress/wordpress-edd-license-integration",
            "version": "v2.0.0",
            "source": {
                "type": "git",
                "url": "https://github.com/OSTraining/WordPress-EDD-License-Integration",
                "reference": "a1432d6478af6ff690d0108eb99afba7c29db5e1"
            },
            "require-dev": {
                "lucatume/wp-browser": "^1.22"
            },
            "type": "library",
            "autoload": {
                "psr-4": {
                    "PublishPress\\EDD_License\\Core\\": "src/core/"
                }
            },
            "license": [
                "GPL-2"
            ],
            "authors": [
                {
                    "name": "PublishPress",
                    "email": "help@publishpress.com"
                }
            ],
            "time": "2018-02-05T18:04:04+00:00"
        }
    ],
    "packages-dev": [],
    "aliases": [],
    "minimum-stability": "stable",
    "stability-flags": [],
    "prefer-stable": false,
    "prefer-lowest": false,
    "platform": [],
    "platform-dev": []
}
